
Microsoft Visual Studio Solution File, Format Version 12.00
# Visual Studio 15
VisualStudioVersion = 15.0.27130.2027
MinimumVisualStudioVersion = 10.0.40219.1
Project("{FAE04EC0-301F-11D3-BF4B-00C04F79EFBC}") = "WebAPI_Dagul", "WebAPI_Dagul\WebAPI_Dagul.csproj", "{663AAA67-FDD0-4659-ADA4-8097BDF428F2}"
EndProject
Project("{FAE04EC0-301F-11D3-BF4B-00C04F79EFBC}") = "ChatServerLib", "ChatServerLib\ChatServerLib.csproj", "{D8A6742D-A109-4484-8CB9-C4A096250068}"
EndProject
Project("{FAE04EC0-301F-11D3-BF4B-00C04F79EFBC}") = "Common", "Common\Common.csproj", "{26A20D56-7161-42D8-9B3F-4EBE4B386C56}"
EndProject
Project("{FAE04EC0-301F-11D3-BF4B-00C04F79EFBC}") = "Network", "Network\Network.csproj", "{AA2B93DA-8903-4DC3-909A-B9DCDF2DC5CF}"
EndProject
Project("{FAE04EC0-301F-11D3-BF4B-00C04F79EFBC}") = "Packet", "Packet\Packet.csproj", "{1BF7D8A4-66E5-44AA-88DE-33AB47709A46}"
EndProject
Project("{FAE04EC0-301F-11D3-BF4B-00C04F79EFBC}") = "ServerAFC", "ServerAFC\ServerAFC.csproj", "{9712C864-8421-4076-B68E-20442B9685D7}"
EndProject
Global
	GlobalSection(SolutionConfigurationPlatforms) = preSolution
		Debug|Any CPU = Debug|Any CPU
		Release|Any CPU = Release|Any CPU
	EndGlobalSection
	GlobalSection(ProjectConfigurationPlatforms) = postSolution
		{663AAA67-FDD0-4659-ADA4-8097BDF428F2}.Debug|Any CPU.ActiveCfg = Debug|Any CPU
		{663AAA67-FDD0-4659-ADA4-8097BDF428F2}.Debug|Any CPU.Build.0 = Debug|Any CPU
		{663AAA67-FDD0-4659-ADA4-8097BDF428F2}.Release|Any CPU.ActiveCfg = Debug|Any CPU
		{663AAA67-FDD0-4659-ADA4-8097BDF428F2}.Release|Any CPU.Build.0 = Debug|Any CPU
		{D8A6742D-A109-4484-8CB9-C4A096250068}.Debug|Any CPU.ActiveCfg = Debug|Any CPU
		{D8A6742D-A109-4484-8CB9-C4A096250068}.Debug|Any CPU.Build.0 = Debug|Any CPU
		{D8A6742D-A109-4484-8CB9-C4A096250068}.Release|Any CPU.ActiveCfg = Release|Any CPU
		{D8A6742D-A109-4484-8CB9-C4A096250068}.Release|Any CPU.Build.0 = Release|Any CPU
		{26A20D56-7161-42D8-9B3F-4EBE4B386C56}.Debug|Any CPU.ActiveCfg = Debug|Any CPU
		{26A20D56-7161-42D8-9B3F-4EBE4B386C56}.Debug|Any CPU.Build.0 = Debug|Any CPU
		{26A20D56-7161-42D8-9B3F-4EBE4B386C56}.Release|Any CPU.ActiveCfg = Release|Any CPU
		{26A20D56-7161-42D8-9B3F-4EBE4B386C56}.Release|Any CPU.Build.0 = Release|Any CPU
		{AA2B93DA-8903-4DC3-909A-B9DCDF2DC5CF}.Debug|Any CPU.ActiveCfg = Debug|Any CPU
		{AA2B93DA-8903-4DC3-909A-B9DCDF2DC5CF}.Debug|Any CPU.Build.0 = Debug|Any CPU
		{AA2B93DA-8903-4DC3-909A-B9DCDF2DC5CF}.Release|Any CPU.ActiveCfg = Release|Any CPU
		{AA2B93DA-8903-4DC3-909A-B9DCDF2DC5CF}.Release|Any CPU.Build.0 = Release|Any CPU
		{1BF7D8A4-66E5-44AA-88DE-33AB47709A46}.Debug|Any CPU.ActiveCfg = Debug|Any CPU
		{1BF7D8A4-66E5-44AA-88DE-33AB47709A46}.Debug|Any CPU.Build.0 = Debug|Any CPU
		{1BF7D8A4-66E5-44AA-88DE-33AB47709A46}.Release|Any CPU.ActiveCfg = Release|Any CPU
		{1BF7D8A4-66E5-44AA-88DE-33AB47709A46}.Release|Any CPU.Build.0 = Release|Any CPU
		{9712C864-8421-4076-B68E-20442B9685D7}.Debug|Any CPU.ActiveCfg = Debug|Any CPU
		{9712C864-8421-4076-B68E-20442B9685D7}.Debug|Any CPU.Build.0 = Debug|Any CPU
		{9712C864-8421-4076-B68E-20442B9685D7}.Release|Any CPU.ActiveCfg = Release|Any CPU
		{9712C864-8421-4076-B68E-20442B9685D7}.Release|Any CPU.Build.0 = Release|Any CPU
	EndGlobalSection
	GlobalSection(SolutionProperties) = preSolution
		HideSolutionNode = FALSE
	EndGlobalSection
	GlobalSection(ExtensibilityGlobals) = postSolution
		VisualSVNWorkingCopyRoot = .
		SolutionGuid = {C2D5BB7D-6B6E-43A3-B507-798796958A11}
	EndGlobalSection
EndGlobal
